
Microsoft Visual Studio Solution File, Format Version 12.00
# Visual Studio Version 17
VisualStudioVersion = 17.11.35208.52
MinimumVisualStudioVersion = 10.0.40219.1
Project("{FAE04EC0-301F-11D3-BF4B-00C04F79EFBC}") = "PL", "PL\PL.csproj", "{25AC7FB7-11CB-49EB-B86B-9151EC5D1D71}"
EndProject
Project("{9A19103F-16F7-4668-BE54-9A1E7A4F7556}") = "BLL", "BLL\BLL.csproj", "{31287437-7918-4D24-BE97-08CFB80C64C7}"
EndProject
Global
	GlobalSection(SolutionConfigurationPlatforms) = preSolution
		Debug|Any CPU = Debug|Any CPU
		Release|Any CPU = Release|Any CPU
	EndGlobalSection
	GlobalSection(ProjectConfigurationPlatforms) = postSolution
		{25AC7FB7-11CB-49EB-B86B-9151EC5D1D71}.Debug|Any CPU.ActiveCfg = Debug|Any CPU
		{25AC7FB7-11CB-49EB-B86B-9151EC5D1D71}.Debug|Any CPU.Build.0 = Debug|Any CPU
		{25AC7FB7-11CB-49EB-B86B-9151EC5D1D71}.Release|Any CPU.ActiveCfg = Release|Any CPU
		{25AC7FB7-11CB-49EB-B86B-9151EC5D1D71}.Release|Any CPU.Build.0 = Release|Any CPU
		{31287437-7918-4D24-BE97-08CFB80C64C7}.Debug|Any CPU.ActiveCfg = Debug|Any CPU
		{31287437-7918-4D24-BE97-08CFB80C64C7}.Debug|Any CPU.Build.0 = Debug|Any CPU
		{31287437-7918-4D24-BE97-08CFB80C64C7}.Release|Any CPU.ActiveCfg = Release|Any CPU
		{31287437-7918-4D24-BE97-08CFB80C64C7}.Release|Any CPU.Build.0 = Release|Any CPU
	EndGlobalSection
	GlobalSection(SolutionProperties) = preSolution
		HideSolutionNode = FALSE
	EndGlobalSection
	GlobalSection(ExtensibilityGlobals) = postSolution
		SolutionGuid = {656194D4-5988-4FEB-A9B0-5D9F30C088D1}
	EndGlobalSection
EndGlobal
