
Microsoft Visual Studio Solution File, Format Version 12.00
# Visual Studio Version 17
VisualStudioVersion = 17.10.34916.146
MinimumVisualStudioVersion = 10.0.40219.1
Project("{9A19103F-16F7-4668-BE54-9A1E7A4F7556}") = "Pl", "Pl.csproj", "{F9ACA780-4C34-4C6D-974A-E662C30394A1}"
EndProject
Project("{9A19103F-16F7-4668-BE54-9A1E7A4F7556}") = "BLL", "..\BLL\BLL.csproj", "{6C8DFC2D-5AB4-4E6F-B2DC-0BB6043DC82A}"
EndProject
Global
	GlobalSection(SolutionConfigurationPlatforms) = preSolution
		Debug|Any CPU = Debug|Any CPU
		Release|Any CPU = Release|Any CPU
	EndGlobalSection
	GlobalSection(ProjectConfigurationPlatforms) = postSolution
		{F9ACA780-4C34-4C6D-974A-E662C30394A1}.Debug|Any CPU.ActiveCfg = Debug|Any CPU
		{F9ACA780-4C34-4C6D-974A-E662C30394A1}.Debug|Any CPU.Build.0 = Debug|Any CPU
		{F9ACA780-4C34-4C6D-974A-E662C30394A1}.Release|Any CPU.ActiveCfg = Release|Any CPU
		{F9ACA780-4C34-4C6D-974A-E662C30394A1}.Release|Any CPU.Build.0 = Release|Any CPU
		{6C8DFC2D-5AB4-4E6F-B2DC-0BB6043DC82A}.Debug|Any CPU.ActiveCfg = Debug|Any CPU
		{6C8DFC2D-5AB4-4E6F-B2DC-0BB6043DC82A}.Debug|Any CPU.Build.0 = Debug|Any CPU
		{6C8DFC2D-5AB4-4E6F-B2DC-0BB6043DC82A}.Release|Any CPU.ActiveCfg = Release|Any CPU
		{6C8DFC2D-5AB4-4E6F-B2DC-0BB6043DC82A}.Release|Any CPU.Build.0 = Release|Any CPU
	EndGlobalSection
	GlobalSection(SolutionProperties) = preSolution
		HideSolutionNode = FALSE
	EndGlobalSection
	GlobalSection(ExtensibilityGlobals) = postSolution
		SolutionGuid = {C1BDE010-FB63-4F23-87DB-CAE9DE422484}
	EndGlobalSection
EndGlobal
